github.com/derpyplops/test-golang v0.1.0 h1:Tmkta/+jsUWfEr2E54CrRtYbLuG2LslzrFokdBPu+NY=
github.com/derpyplops/test-golang v0.1.0/go.mod h1:iLZjrC35jP4zzalfaz//g4r757w3NE0HAJ4XHiaJILo=
github.com/derpyplops/test-golang v0.1.2 h1:fTrRfYytCAxMK7AXVdeYvDDQqAZZThfZmk0q4ppihfQ=
github.com/derpyplops/test-golang v0.1.2/go.mod h1:iLZjrC35jP4zzalfaz//g4r757w3NE0HAJ4XHiaJILo=
